
Microsoft Visual Studio Solution File, Format Version 12.00
# Visual Studio 15
VisualStudioVersion = 15.0.28307.136
MinimumVisualStudioVersion = 10.0.40219.1
Project("{FAE04EC0-301F-11D3-BF4B-00C04F79EFBC}") = "EventTop", "EventTop\EventTop.csproj", "{0CF92E3A-F5B1-4FF0-AD64-D774CE04EB84}"
EndProject
Project("{FAE04EC0-301F-11D3-BF4B-00C04F79EFBC}") = "EventBottomHome", "EventBottomHome\EventBottomHome.csproj", "{D2FFCB91-F12B-4A01-8E7F-F9991357944C}"
EndProject
Project("{FAE04EC0-301F-11D3-BF4B-00C04F79EFBC}") = "EventBottomGuest", "EventBottomGuest\EventBottomGuest.csproj", "{C961E07F-EF60-4388-AB0B-4B64DE726EA8}"
EndProject
Project("{FAE04EC0-301F-11D3-BF4B-00C04F79EFBC}") = "ScoreboardXaml", "ScoreboardXaml\ScoreboardXaml.csproj", "{0CCF5DDE-45E4-438B-845B-15D153B5F234}"
EndProject
Project("{FAE04EC0-301F-11D3-BF4B-00C04F79EFBC}") = "SetupGuest", "SetupGuest\SetupGuest.csproj", "{170C795B-9A79-46E5-A276-8D7695C23E23}"
EndProject
Project("{FAE04EC0-301F-11D3-BF4B-00C04F79EFBC}") = "SetupHome", "SetupHome\SetupHome.csproj", "{BFE644F1-7B74-4CD2-972C-1785875ACC23}"
EndProject
Project("{FAE04EC0-301F-11D3-BF4B-00C04F79EFBC}") = "StatBottom3", "StatBottom3\StatBottom3.csproj", "{6708C26A-26BC-438E-9F24-02A474680C5D}"
EndProject
Project("{FAE04EC0-301F-11D3-BF4B-00C04F79EFBC}") = "StatBottom6", "StatBottom6\StatBottom6.csproj", "{4916E398-8B33-4211-BE71-BD09A2DBC3C0}"
EndProject
Project("{FAE04EC0-301F-11D3-BF4B-00C04F79EFBC}") = "StatBottom9", "StatBottom9\StatBottom9.csproj", "{64BFA5C4-57FA-4B4E-B6C1-F7A34AFC9045}"
EndProject
Project("{54435603-DBB4-11D2-8724-00A0C9A8B90C}") = "Installer", "Installer\Installer.vdproj", "{BBFD6876-7A20-433A-A8BD-898AA510125B}"
EndProject
Global
	GlobalSection(SolutionConfigurationPlatforms) = preSolution
		Debug|Any CPU = Debug|Any CPU
		Release|Any CPU = Release|Any CPU
	EndGlobalSection
	GlobalSection(ProjectConfigurationPlatforms) = postSolution
		{0CF92E3A-F5B1-4FF0-AD64-D774CE04EB84}.Debug|Any CPU.ActiveCfg = Debug|Any CPU
		{0CF92E3A-F5B1-4FF0-AD64-D774CE04EB84}.Debug|Any CPU.Build.0 = Debug|Any CPU
		{0CF92E3A-F5B1-4FF0-AD64-D774CE04EB84}.Release|Any CPU.ActiveCfg = Release|Any CPU
		{0CF92E3A-F5B1-4FF0-AD64-D774CE04EB84}.Release|Any CPU.Build.0 = Release|Any CPU
		{D2FFCB91-F12B-4A01-8E7F-F9991357944C}.Debug|Any CPU.ActiveCfg = Debug|Any CPU
		{D2FFCB91-F12B-4A01-8E7F-F9991357944C}.Debug|Any CPU.Build.0 = Debug|Any CPU
		{D2FFCB91-F12B-4A01-8E7F-F9991357944C}.Release|Any CPU.ActiveCfg = Release|Any CPU
		{D2FFCB91-F12B-4A01-8E7F-F9991357944C}.Release|Any CPU.Build.0 = Release|Any CPU
		{C961E07F-EF60-4388-AB0B-4B64DE726EA8}.Debug|Any CPU.ActiveCfg = Debug|Any CPU
		{C961E07F-EF60-4388-AB0B-4B64DE726EA8}.Debug|Any CPU.Build.0 = Debug|Any CPU
		{C961E07F-EF60-4388-AB0B-4B64DE726EA8}.Release|Any CPU.ActiveCfg = Release|Any CPU
		{C961E07F-EF60-4388-AB0B-4B64DE726EA8}.Release|Any CPU.Build.0 = Release|Any CPU
		{0CCF5DDE-45E4-438B-845B-15D153B5F234}.Debug|Any CPU.ActiveCfg = Debug|Any CPU
		{0CCF5DDE-45E4-438B-845B-15D153B5F234}.Debug|Any CPU.Build.0 = Debug|Any CPU
		{0CCF5DDE-45E4-438B-845B-15D153B5F234}.Release|Any CPU.ActiveCfg = Release|Any CPU
		{0CCF5DDE-45E4-438B-845B-15D153B5F234}.Release|Any CPU.Build.0 = Release|Any CPU
		{170C795B-9A79-46E5-A276-8D7695C23E23}.Debug|Any CPU.ActiveCfg = Debug|Any CPU
		{170C795B-9A79-46E5-A276-8D7695C23E23}.Debug|Any CPU.Build.0 = Debug|Any CPU
		{170C795B-9A79-46E5-A276-8D7695C23E23}.Release|Any CPU.ActiveCfg = Release|Any CPU
		{170C795B-9A79-46E5-A276-8D7695C23E23}.Release|Any CPU.Build.0 = Release|Any CPU
		{BFE644F1-7B74-4CD2-972C-1785875ACC23}.Debug|Any CPU.ActiveCfg = Debug|Any CPU
		{BFE644F1-7B74-4CD2-972C-1785875ACC23}.Debug|Any CPU.Build.0 = Debug|Any CPU
		{BFE644F1-7B74-4CD2-972C-1785875ACC23}.Release|Any CPU.ActiveCfg = Release|Any CPU
		{BFE644F1-7B74-4CD2-972C-1785875ACC23}.Release|Any CPU.Build.0 = Release|Any CPU
		{6708C26A-26BC-438E-9F24-02A474680C5D}.Debug|Any CPU.ActiveCfg = Debug|Any CPU
		{6708C26A-26BC-438E-9F24-02A474680C5D}.Debug|Any CPU.Build.0 = Debug|Any CPU
		{6708C26A-26BC-438E-9F24-02A474680C5D}.Release|Any CPU.ActiveCfg = Release|Any CPU
		{6708C26A-26BC-438E-9F24-02A474680C5D}.Release|Any CPU.Build.0 = Release|Any CPU
		{4916E398-8B33-4211-BE71-BD09A2DBC3C0}.Debug|Any CPU.ActiveCfg = Debug|Any CPU
		{4916E398-8B33-4211-BE71-BD09A2DBC3C0}.Debug|Any CPU.Build.0 = Debug|Any CPU
		{4916E398-8B33-4211-BE71-BD09A2DBC3C0}.Release|Any CPU.ActiveCfg = Release|Any CPU
		{4916E398-8B33-4211-BE71-BD09A2DBC3C0}.Release|Any CPU.Build.0 = Release|Any CPU
		{64BFA5C4-57FA-4B4E-B6C1-F7A34AFC9045}.Debug|Any CPU.ActiveCfg = Debug|Any CPU
		{64BFA5C4-57FA-4B4E-B6C1-F7A34AFC9045}.Debug|Any CPU.Build.0 = Debug|Any CPU
		{64BFA5C4-57FA-4B4E-B6C1-F7A34AFC9045}.Release|Any CPU.ActiveCfg = Release|Any CPU
		{64BFA5C4-57FA-4B4E-B6C1-F7A34AFC9045}.Release|Any CPU.Build.0 = Release|Any CPU
		{BBFD6876-7A20-433A-A8BD-898AA510125B}.Debug|Any CPU.ActiveCfg = Debug
		{BBFD6876-7A20-433A-A8BD-898AA510125B}.Release|Any CPU.ActiveCfg = Release
		{BBFD6876-7A20-433A-A8BD-898AA510125B}.Release|Any CPU.Build.0 = Release
	EndGlobalSection
	GlobalSection(SolutionProperties) = preSolution
		HideSolutionNode = FALSE
	EndGlobalSection
	GlobalSection(ExtensibilityGlobals) = postSolution
		SolutionGuid = {AD5D29AF-F2A6-44CA-83D5-ED9BE172EBAC}
	EndGlobalSection
EndGlobal
