
Microsoft Visual Studio Solution File, Format Version 12.00
# Visual Studio 15
VisualStudioVersion = 15.0.28307.136
MinimumVisualStudioVersion = 10.0.40219.1
Project("{FAE04EC0-301F-11D3-BF4B-00C04F79EFBC}") = "EventTop", "EventTop\EventTop.csproj", "{0CF92E3A-F5B1-4FF0-AD64-D774CE04EB84}"
EndProject
Project("{FAE04EC0-301F-11D3-BF4B-00C04F79EFBC}") = "EventBottomHome", "EventBottomHome\EventBottomHome.csproj", "{D2FFCB91-F12B-4A01-8E7F-F9991357944C}"
EndProject
Global
	GlobalSection(SolutionConfigurationPlatforms) = preSolution
		Debug|Any CPU = Debug|Any CPU
		Release|Any CPU = Release|Any CPU
	EndGlobalSection
	GlobalSection(ProjectConfigurationPlatforms) = postSolution
		{0CF92E3A-F5B1-4FF0-AD64-D774CE04EB84}.Debug|Any CPU.ActiveCfg = Debug|Any CPU
		{0CF92E3A-F5B1-4FF0-AD64-D774CE04EB84}.Debug|Any CPU.Build.0 = Debug|Any CPU
		{0CF92E3A-F5B1-4FF0-AD64-D774CE04EB84}.Release|Any CPU.ActiveCfg = Release|Any CPU
		{0CF92E3A-F5B1-4FF0-AD64-D774CE04EB84}.Release|Any CPU.Build.0 = Release|Any CPU
		{D2FFCB91-F12B-4A01-8E7F-F9991357944C}.Debug|Any CPU.ActiveCfg = Debug|Any CPU
		{D2FFCB91-F12B-4A01-8E7F-F9991357944C}.Debug|Any CPU.Build.0 = Debug|Any CPU
		{D2FFCB91-F12B-4A01-8E7F-F9991357944C}.Release|Any CPU.ActiveCfg = Release|Any CPU
		{D2FFCB91-F12B-4A01-8E7F-F9991357944C}.Release|Any CPU.Build.0 = Release|Any CPU
	EndGlobalSection
	GlobalSection(SolutionProperties) = preSolution
		HideSolutionNode = FALSE
	EndGlobalSection
	GlobalSection(ExtensibilityGlobals) = postSolution
		SolutionGuid = {AD5D29AF-F2A6-44CA-83D5-ED9BE172EBAC}
	EndGlobalSection
EndGlobal
